
Microsoft Visual Studio Solution File, Format Version 12.00
# Visual Studio Version 17
VisualStudioVersion = 17.11.35312.102
MinimumVisualStudioVersion = 10.0.40219.1
Project("{8BC9CEB8-8B4A-11D0-8D11-00A0C91BC942}") = "dz4.3", "dz4.3.vcxproj", "{D22842B5-FFD6-4598-8E76-ACC9BCC87FDB}"
EndProject
Global
	GlobalSection(SolutionConfigurationPlatforms) = preSolution
		Debug|x64 = Debug|x64
		Debug|x86 = Debug|x86
		Release|x64 = Release|x64
		Release|x86 = Release|x86
	EndGlobalSection
	GlobalSection(ProjectConfigurationPlatforms) = postSolution
		{D22842B5-FFD6-4598-8E76-ACC9BCC87FDB}.Debug|x64.ActiveCfg = Debug|x64
		{D22842B5-FFD6-4598-8E76-ACC9BCC87FDB}.Debug|x64.Build.0 = Debug|x64
		{D22842B5-FFD6-4598-8E76-ACC9BCC87FDB}.Debug|x86.ActiveCfg = Debug|Win32
		{D22842B5-FFD6-4598-8E76-ACC9BCC87FDB}.Debug|x86.Build.0 = Debug|Win32
		{D22842B5-FFD6-4598-8E76-ACC9BCC87FDB}.Release|x64.ActiveCfg = Release|x64
		{D22842B5-FFD6-4598-8E76-ACC9BCC87FDB}.Release|x64.Build.0 = Release|x64
		{D22842B5-FFD6-4598-8E76-ACC9BCC87FDB}.Release|x86.ActiveCfg = Release|Win32
		{D22842B5-FFD6-4598-8E76-ACC9BCC87FDB}.Release|x86.Build.0 = Release|Win32
	EndGlobalSection
	GlobalSection(SolutionProperties) = preSolution
		HideSolutionNode = FALSE
	EndGlobalSection
	GlobalSection(ExtensibilityGlobals) = postSolution
		SolutionGuid = {E8CAAA1E-ABBE-4FEF-809A-896B54125B7F}
	EndGlobalSection
EndGlobal
